
Microsoft Visual Studio Solution File, Format Version 12.00
# Visual Studio Version 17
VisualStudioVersion = 17.13.35931.197 d17.13
MinimumVisualStudioVersion = 10.0.40219.1
Project("{FAE04EC0-301F-11D3-BF4B-00C04F79EFBC}") = "1-CalculandoIdade", "1-CalculandoIdade\1-CalculandoIdade.csproj", "{3A1E42D8-9917-461D-9A0C-159AECE78EA6}"
EndProject
Global
	GlobalSection(SolutionConfigurationPlatforms) = preSolution
		Debug|Any CPU = Debug|Any CPU
		Release|Any CPU = Release|Any CPU
	EndGlobalSection
	GlobalSection(ProjectConfigurationPlatforms) = postSolution
		{3A1E42D8-9917-461D-9A0C-159AECE78EA6}.Debug|Any CPU.ActiveCfg = Debug|Any CPU
		{3A1E42D8-9917-461D-9A0C-159AECE78EA6}.Debug|Any CPU.Build.0 = Debug|Any CPU
		{3A1E42D8-9917-461D-9A0C-159AECE78EA6}.Release|Any CPU.ActiveCfg = Release|Any CPU
		{3A1E42D8-9917-461D-9A0C-159AECE78EA6}.Release|Any CPU.Build.0 = Release|Any CPU
	EndGlobalSection
	GlobalSection(SolutionProperties) = preSolution
		HideSolutionNode = FALSE
	EndGlobalSection
	GlobalSection(ExtensibilityGlobals) = postSolution
		SolutionGuid = {8FDC5A67-8B0D-4454-B64B-D64737A5A874}
	EndGlobalSection
EndGlobal
