
Microsoft Visual Studio Solution File, Format Version 12.00
# Visual Studio Version 17
VisualStudioVersion = 17.13.35931.197 d17.13
MinimumVisualStudioVersion = 10.0.40219.1
Project("{FAE04EC0-301F-11D3-BF4B-00C04F79EFBC}") = "2-Registro Doacao", "2-Registro Doacao\2-Registro Doacao.csproj", "{B04D0223-C214-460A-AEB5-2A027E1EA93E}"
EndProject
Global
	GlobalSection(SolutionConfigurationPlatforms) = preSolution
		Debug|Any CPU = Debug|Any CPU
		Release|Any CPU = Release|Any CPU
	EndGlobalSection
	GlobalSection(ProjectConfigurationPlatforms) = postSolution
		{B04D0223-C214-460A-AEB5-2A027E1EA93E}.Debug|Any CPU.ActiveCfg = Debug|Any CPU
		{B04D0223-C214-460A-AEB5-2A027E1EA93E}.Debug|Any CPU.Build.0 = Debug|Any CPU
		{B04D0223-C214-460A-AEB5-2A027E1EA93E}.Release|Any CPU.ActiveCfg = Release|Any CPU
		{B04D0223-C214-460A-AEB5-2A027E1EA93E}.Release|Any CPU.Build.0 = Release|Any CPU
	EndGlobalSection
	GlobalSection(SolutionProperties) = preSolution
		HideSolutionNode = FALSE
	EndGlobalSection
	GlobalSection(ExtensibilityGlobals) = postSolution
		SolutionGuid = {90E9828B-C046-412C-850D-1996385B2B65}
	EndGlobalSection
EndGlobal
